// !$*UTF8*$!
{
	archiveVersion = 1;
	classes = {
	};
	objectVersion = 46;
	objects = {

/* Begin PBXBuildFile section */
		3232982F1A2CD3990021423B /* main.m in Sources */ = {isa = PBXBuildFile; fileRef = 3232982E1A2CD3990021423B /* main.m */; };
		323298321A2CD3990021423B /* AppDelegate.m in Sources */ = {isa = PBXBuildFile; fileRef = 323298311A2CD3990021423B /* AppDelegate.m */; };
		323298351A2CD3990021423B /* ViewController.m in Sources */ = {isa = PBXBuildFile; fileRef = 323298341A2CD3990021423B /* ViewController.m */; };
		323298381A2CD3990021423B /* Main.storyboard in Resources */ = {isa = PBXBuildFile; fileRef = 323298361A2CD3990021423B /* Main.storyboard */; };
		3232983A1A2CD3990021423B /* Images.xcassets in Resources */ = {isa = PBXBuildFile; fileRef = 323298391A2CD3990021423B /* Images.xcassets */; };
		3232983D1A2CD3990021423B /* LaunchScreen.xib in Resources */ = {isa = PBXBuildFile; fileRef = 3232983B1A2CD3990021423B /* LaunchScreen.xib */; };
		323298491A2CD3990021423B /* XMLTestTests.m in Sources */ = {isa = PBXBuildFile; fileRef = 323298481A2CD3990021423B /* XMLTestTests.m */; };
		327AC4B31A2DB24C00B478E4 /* CustomCell.m in Sources */ = {isa = PBXBuildFile; fileRef = 327AC4B21A2DB24C00B478E4 /* CustomCell.m */; };
/* End PBXBuildFile section */

/* Begin PBXContainerItemProxy section */
		323298431A2CD3990021423B /* PBXContainerItemProxy */ = {
			isa = PBXContainerItemProxy;
			containerPortal = 323298211A2CD3990021423B /* Project object */;
			proxyType = 1;
			remoteGlobalIDString = 323298281A2CD3990021423B;
			remoteInfo = XMLTest;
		};
/* End PBXContainerItemProxy section */

/* Begin PBXFileReference section */
		323298291A2CD3990021423B /* XMLTest.app */ = {isa = PBXFileReference; explicitFileType = wrapper.application; includeInIndex = 0; path = XMLTest.app; sourceTree = BUILT_PRODUCTS_DIR; };
		3232982D1A2CD3990021423B /* Info.plist */ = {isa = PBXFileReference; lastKnownFileType = text.plist.xml; path = Info.plist; sourceTree = "<group>"; };
		3232982E1A2CD3990021423B /* main.m */ = {isa = PBXFileReference; lastKnownFileType = sourcecode.c.objc; path = main.m; sourceTree = "<group>"; };
		323298301A2CD3990021423B /* AppDelegate.h */ = {isa = PBXFileReference; lastKnownFileType = sourcecode.c.h; path = AppDelegate.h; sourceTree = "<group>"; };
		323298311A2CD3990021423B /* AppDelegate.m */ = {isa = PBXFileReference; lastKnownFileType = sourcecode.c.objc; path = AppDelegate.m; sourceTree = "<group>"; };
		323298331A2CD3990021423B /* ViewController.h */ = {isa = PBXFileReference; lastKnownFileType = sourcecode.c.h; path = ViewController.h; sourceTree = "<group>"; };
		323298341A2CD3990021423B /* ViewController.m */ = {isa = PBXFileReference; lastKnownFileType = sourcecode.c.objc; path = ViewController.m; sourceTree = "<group>"; };
		323298371A2CD3990021423B /* Base */ = {isa = PBXFileReference; lastKnownFileType = file.storyboard; name = Base; path = Base.lproj/Main.storyboard; sourceTree = "<group>"; };
		323298391A2CD3990021423B /* Images.xcassets */ = {isa = PBXFileReference; lastKnownFileType = folder.assetcatalog; path = Images.xcassets; sourceTree = "<group>"; };
		3232983C1A2CD3990021423B /* Base */ = {isa = PBXFileReference; lastKnownFileType = file.xib; name = Base; path = Base.lproj/LaunchScreen.xib; sourceTree = "<group>"; };
		323298421A2CD3990021423B /* XMLTestTests.xctest */ = {isa = PBXFileReference; explicitFileType = wrapper.cfbundle; includeInIndex = 0; path = XMLTestTests.xctest; sourceTree = BUILT_PRODUCTS_DIR; };
		323298471A2CD3990021423B /* Info.plist */ = {isa = PBXFileReference; lastKnownFileType = text.plist.xml; path = Info.plist; sourceTree = "<group>"; };
		323298481A2CD3990021423B /* XMLTestTests.m */ = {isa = PBXFileReference; lastKnownFileType = sourcecode.c.objc; path = XMLTestTests.m; sourceTree = "<group>"; };
		327AC4B11A2DB24C00B478E4 /* CustomCell.h */ = {isa = PBXFileReference; fileEncoding = 4; lastKnownFileType = sourcecode.c.h; path = CustomCell.h; sourceTree = "<group>"; };
		327AC4B21A2DB24C00B478E4 /* CustomCell.m */ = {isa = PBXFileReference; fileEncoding = 4; lastKnownFileType = sourcecode.c.objc; path = CustomCell.m; sourceTree = "<group>"; };
/* End PBXFileReference section */

/* Begin PBXFrameworksBuildPhase section */
		323298261A2CD3990021423B /* Frameworks */ = {
			isa = PBXFrameworksBuildPhase;
			buildActionMask = 2147483647;
			files = (
			);
			runOnlyForDeploymentPostprocessing = 0;
		};
		3232983F1A2CD3990021423B /* Frameworks */ = {
			isa = PBXFrameworksBuildPhase;
			buildActionMask = 2147483647;
			files = (
			);
			runOnlyForDeploymentPostprocessing = 0;
		};
/* End PBXFrameworksBuildPhase section */

/* Begin PBXGroup section */
		323298201A2CD3990021423B = {
			isa = PBXGroup;
			children = (
				3232982B1A2CD3990021423B /* XMLTest */,
				323298451A2CD3990021423B /* XMLTestTests */,
				3232982A1A2CD3990021423B /* Products */,
			);
			sourceTree = "<group>";
		};
		3232982A1A2CD3990021423B /* Products */ = {
			isa = PBXGroup;
			children = (
				323298291A2CD3990021423B /* XMLTest.app */,
				323298421A2CD3990021423B /* XMLTestTests.xctest */,
			);
			name = Products;
			sourceTree = "<group>";
		};
		3232982B1A2CD3990021423B /* XMLTest */ = {
			isa = PBXGroup;
			children = (
				323298301A2CD3990021423B /* AppDelegate.h */,
				323298311A2CD3990021423B /* AppDelegate.m */,
				323298331A2CD3990021423B /* ViewController.h */,
				323298341A2CD3990021423B /* ViewController.m */,
				327AC4B11A2DB24C00B478E4 /* CustomCell.h */,
				327AC4B21A2DB24C00B478E4 /* CustomCell.m */,
				323298361A2CD3990021423B /* Main.storyboard */,
				323298391A2CD3990021423B /* Images.xcassets */,
				3232983B1A2CD3990021423B /* LaunchScreen.xib */,
				3232982C1A2CD3990021423B /* Supporting Files */,
			);
			path = XMLTest;
			sourceTree = "<group>";
		};
		3232982C1A2CD3990021423B /* Supporting Files */ = {
			isa = PBXGroup;
			children = (
				3232982D1A2CD3990021423B /* Info.plist */,
				3232982E1A2CD3990021423B /* main.m */,
			);
			name = "Supporting Files";
			sourceTree = "<group>";
		};
		323298451A2CD3990021423B /* XMLTestTests */ = {
			isa = PBXGroup;
			children = (
				323298481A2CD3990021423B /* XMLTestTests.m */,
				323298461A2CD3990021423B /* Supporting Files */,
			);
			path = XMLTestTests;
			sourceTree = "<group>";
		};
		323298461A2CD3990021423B /* Supporting Files */ = {
			isa = PBXGroup;
			children = (
				323298471A2CD3990021423B /* Info.plist */,
			);
			name = "Supporting Files";
			sourceTree = "<group>";
		};
/* End PBXGroup section */

/* Begin PBXNativeTarget section */
		323298281A2CD3990021423B /* XMLTest */ = {
			isa = PBXNativeTarget;
			buildConfigurationList = 3232984C1A2CD3990021423B /* Build configuration list for PBXNativeTarget "XMLTest" */;
			buildPhases = (
				323298251A2CD3990021423B /* Sources */,
				323298261A2CD3990021423B /* Frameworks */,
				323298271A2CD3990021423B /* Resources */,
			);
			buildRules = (
			);
			dependencies = (
			);
			name = XMLTest;
			productName = XMLTest;
			productReference = 323298291A2CD3990021423B /* XMLTest.app */;
			productType = "com.apple.product-type.application";
		};
		323298411A2CD3990021423B /* XMLTestTests */ = {
			isa = PBXNativeTarget;
			buildConfigurationList = 3232984F1A2CD3990021423B /* Build configuration list for PBXNativeTarget "XMLTestTests" */;
			buildPhases = (
				3232983E1A2CD3990021423B /* Sources */,
				3232983F1A2CD3990021423B /* Frameworks */,
				323298401A2CD3990021423B /* Resources */,
			);
			buildRules = (
			);
			dependencies = (
				323298441A2CD3990021423B /* PBXTargetDependency */,
			);
			name = XMLTestTests;
			productName = XMLTestTests;
			productReference = 323298421A2CD3990021423B /* XMLTestTests.xctest */;
			productType = "com.apple.product-type.bundle.unit-test";
		};
/* End PBXNativeTarget section */

/* Begin PBXProject section */
		323298211A2CD3990021423B /* Project object */ = {
			isa = PBXProject;
			attributes = {
				LastUpgradeCheck = 0610;
				ORGANIZATIONNAME = Organization98;
				TargetAttributes = {
					323298281A2CD3990021423B = {
						CreatedOnToolsVersion = 6.1;
					};
					323298411A2CD3990021423B = {
						CreatedOnToolsVersion = 6.1;
						TestTargetID = 323298281A2CD3990021423B;
					};
				};
			};
			buildConfigurationList = 323298241A2CD3990021423B /* Build configuration list for PBXProject "XMLTest" */;
			compatibilityVersion = "Xcode 3.2";
			developmentRegion = English;
			hasScannedForEncodings = 0;
			knownRegions = (
				en,
				Base,
			);
			mainGroup = 323298201A2CD3990021423B;
			productRefGroup = 3232982A1A2CD3990021423B /* Products */;
			projectDirPath = "";
			projectRoot = "";
			targets = (
				323298281A2CD3990021423B /* XMLTest */,
				323298411A2CD3990021423B /* XMLTestTests */,
			);
		};
/* End PBXProject section */

/* Begin PBXResourcesBuildPhase section */
		323298271A2CD3990021423B /* Resources */ = {
			isa = PBXResourcesBuildPhase;
			buildActionMask = 2147483647;
			files = (
				323298381A2CD3990021423B /* Main.storyboard in Resources */,
				3232983D1A2CD3990021423B /* LaunchScreen.xib in Resources */,
				3232983A1A2CD3990021423B /* Images.xcassets in Resources */,
			);
			runOnlyForDeploymentPostprocessing = 0;
		};
		323298401A2CD3990021423B /* Resources */ = {
			isa = PBXResourcesBuildPhase;
			buildActionMask = 2147483647;
			files = (
			);
			runOnlyForDeploymentPostprocessing = 0;
		};
/* End PBXResourcesBuildPhase section */

/* Begin PBXSourcesBuildPhase section */
		323298251A2CD3990021423B /* Sources */ = {
			isa = PBXSourcesBuildPhase;
			buildActionMask = 2147483647;
			files = (
				323298351A2CD3990021423B /* ViewController.m in Sources */,
				323298321A2CD3990021423B /* AppDelegate.m in Sources */,
				327AC4B31A2DB24C00B478E4 /* CustomCell.m in Sources */,
				3232982F1A2CD3990021423B /* main.m in Sources */,
			);
			runOnlyForDeploymentPostprocessing = 0;
		};
		3232983E1A2CD3990021423B /* Sources */ = {
			isa = PBXSourcesBuildPhase;
			buildActionMask = 2147483647;
			files = (
				323298491A2CD3990021423B /* XMLTestTests.m in Sources */,
			);
			runOnlyForDeploymentPostprocessing = 0;
		};
/* End PBXSourcesBuildPhase section */

/* Begin PBXTargetDependency section */
		323298441A2CD3990021423B /* PBXTargetDependency */ = {
			isa = PBXTargetDependency;
			target = 323298281A2CD3990021423B /* XMLTest */;
			targetProxy = 323298431A2CD3990021423B /* PBXContainerItemProxy */;
		};
/* End PBXTargetDependency section */

/* Begin PBXVariantGroup section */
		323298361A2CD3990021423B /* Main.storyboard */ = {
			isa = PBXVariantGroup;
			children = (
				323298371A2CD3990021423B /* Base */,
			);
			name = Main.storyboard;
			sourceTree = "<group>";
		};
		3232983B1A2CD3990021423B /* LaunchScreen.xib */ = {
			isa = PBXVariantGroup;
			children = (
				3232983C1A2CD3990021423B /* Base */,
			);
			name = LaunchScreen.xib;
			sourceTree = "<group>";
		};
/* End PBXVariantGroup section */

/* Begin XCBuildConfiguration section */
		3232984A1A2CD3990021423B /* Debug */ = {
			isa = XCBuildConfiguration;
			buildSettings = {
				ALWAYS_SEARCH_USER_PATHS = NO;
				CLANG_CXX_LANGUAGE_STANDARD = "gnu++0x";
				CLANG_CXX_LIBRARY = "libc++";
				CLANG_ENABLE_MODULES = YES;
				CLANG_ENABLE_OBJC_ARC = YES;
				CLANG_WARN_BOOL_CONVERSION = YES;
				CLANG_WARN_CONSTANT_CONVERSION = YES;
				CLANG_WARN_DIRECT_OBJC_ISA_USAGE = YES_ERROR;
				CLANG_WARN_EMPTY_BODY = YES;
				CLANG_WARN_ENUM_CONVERSION = YES;
				CLANG_WARN_INT_CONVERSION = YES;
				CLANG_WARN_OBJC_ROOT_CLASS = YES_ERROR;
				CLANG_WARN_UNREACHABLE_CODE = YES;
				CLANG_WARN__DUPLICATE_METHOD_MATCH = YES;
				"CODE_SIGN_IDENTITY[sdk=iphoneos*]" = "iPhone Developer";
				COPY_PHASE_STRIP = NO;
				ENABLE_STRICT_OBJC_MSGSEND = YES;
				GCC_C_LANGUAGE_STANDARD = gnu99;
				GCC_DYNAMIC_NO_PIC = NO;
				GCC_OPTIMIZATION_LEVEL = 0;
				GCC_PREPROCESSOR_DEFINITIONS = (
					"DEBUG=1",
					"$(inherited)",
				);
				GCC_SYMBOLS_PRIVATE_EXTERN = NO;
				GCC_WARN_64_TO_32_BIT_CONVERSION = YES;
				GCC_WARN_ABOUT_RETURN_TYPE = YES_ERROR;
				GCC_WARN_UNDECLARED_SELECTOR = YES;
				GCC_WARN_UNINITIALIZED_AUTOS = YES_AGGRESSIVE;
				GCC_WARN_UNUSED_FUNCTION = YES;
				GCC_WARN_UNUSED_VARIABLE = YES;
				IPHONEOS_DEPLOYMENT_TARGET = 8.1;
				MTL_ENABLE_DEBUG_INFO = YES;
				ONLY_ACTIVE_ARCH = YES;
				SDKROOT = iphoneos;
			};
			name = Debug;
		};
		3232984B1A2CD3990021423B /* Release */ = {
			isa = XCBuildConfiguration;
			buildSettings = {
				ALWAYS_SEARCH_USER_PATHS = NO;
				CLANG_CXX_LANGUAGE_STANDARD = "gnu++0x";
				CLANG_CXX_LIBRARY = "libc++";
				CLANG_ENABLE_MODULES = YES;
				CLANG_ENABLE_OBJC_ARC = YES;
				CLANG_WARN_BOOL_CONVERSION = YES;
				CLANG_WARN_CONSTANT_CONVERSION = YES;
				CLANG_WARN_DIRECT_OBJC_ISA_USAGE = YES_ERROR;
				CLANG_WARN_EMPTY_BODY = YES;
				CLANG_WARN_ENUM_CONVERSION = YES;
				CLANG_WARN_INT_CONVERSION = YES;
				CLANG_WARN_OBJC_ROOT_CLASS = YES_ERROR;
				CLANG_WARN_UNREACHABLE_CODE = YES;
				CLANG_WARN__DUPLICATE_METHOD_MATCH = YES;
				"CODE_SIGN_IDENTITY[sdk=iphoneos*]" = "iPhone Developer";
				COPY_PHASE_STRIP = YES;
				ENABLE_NS_ASSERTIONS = NO;
				ENABLE_STRICT_OBJC_MSGSEND = YES;
				GCC_C_LANGUAGE_STANDARD = gnu99;
				GCC_WARN_64_TO_32_BIT_CONVERSION = YES;
				GCC_WARN_ABOUT_RETURN_TYPE = YES_ERROR;
				GCC_WARN_UNDECLARED_SELECTOR = YES;
				GCC_WARN_UNINITIALIZED_AUTOS = YES_AGGRESSIVE;
				GCC_WARN_UNUSED_FUNCTION = YES;
				GCC_WARN_UNUSED_VARIABLE = YES;
				IPHONEOS_DEPLOYMENT_TARGET = 8.1;
				MTL_ENABLE_DEBUG_INFO = NO;
				SDKROOT = iphoneos;
				VALIDATE_PRODUCT = YES;
			};
			name = Release;
		};
		3232984D1A2CD3990021423B /* Debug */ = {
			isa = XCBuildConfiguration;
			buildSettings = {
				ASSETCATALOG_COMPILER_APPICON_NAME = AppIcon;
				INFOPLIST_FILE = XMLTest/Info.plist;
				LD_RUNPATH_SEARCH_PATHS = "$(inherited) @executable_path/Frameworks";
				PRODUCT_NAME = "$(TARGET_NAME)";
			};
			name = Debug;
		};
		3232984E1A2CD3990021423B /* Release */ = {
			isa = XCBuildConfiguration;
			buildSettings = {
				ASSETCATALOG_COMPILER_APPICON_NAME = AppIcon;
				INFOPLIST_FILE = XMLTest/Info.plist;
				LD_RUNPATH_SEARCH_PATHS = "$(inherited) @executable_path/Frameworks";
				PRODUCT_NAME = "$(TARGET_NAME)";
			};
			name = Release;
		};
		323298501A2CD3990021423B /* Debug */ = {
			isa = XCBuildConfiguration;
			buildSettings = {
				BUNDLE_LOADER = "$(TEST_HOST)";
				FRAMEWORK_SEARCH_PATHS = (
					"$(SDKROOT)/Developer/Library/Frameworks",
					"$(inherited)",
				);
				GCC_PREPROCESSOR_DEFINITIONS = (
					"DEBUG=1",
					"$(inherited)",
				);
				INFOPLIST_FILE = XMLTestTests/Info.plist;
				LD_RUNPATH_SEARCH_PATHS = "$(inherited) @executable_path/Frameworks @loader_path/Frameworks";
				PRODUCT_NAME = "$(TARGET_NAME)";
				TEST_HOST = "$(BUILT_PRODUCTS_DIR)/XMLTest.app/XMLTest";
			};
			name = Debug;
		};
		323298511A2CD3990021423B /* Release */ = {
			isa = XCBuildConfiguration;
			buildSettings = {
				BUNDLE_LOADER = "$(TEST_HOST)";
				FRAMEWORK_SEARCH_PATHS = (
					"$(SDKROOT)/Developer/Library/Frameworks",
					"$(inherited)",
				);
				INFOPLIST_FILE = XMLTestTests/Info.plist;
				LD_RUNPATH_SEARCH_PATHS = "$(inherited) @executable_path/Frameworks @loader_path/Frameworks";
				PRODUCT_NAME = "$(TARGET_NAME)";
				TEST_HOST = "$(BUILT_PRODUCTS_DIR)/XMLTest.app/XMLTest";
			};
			name = Release;
		};
/* End XCBuildConfiguration section */

/* Begin XCConfigurationList section */
		323298241A2CD3990021423B /* Build configuration list for PBXProject "XMLTest" */ = {
			isa = XCConfigurationList;
			buildConfigurations = (
				3232984A1A2CD3990021423B /* Debug */,
				3232984B1A2CD3990021423B /* Release */,
			);
			defaultConfigurationIsVisible = 0;
			defaultConfigurationName = Release;
		};
		3232984C1A2CD3990021423B /* Build configuration list for PBXNativeTarget "XMLTest" */ = {
			isa = XCConfigurationList;
			buildConfigurations = (
				3232984D1A2CD3990021423B /* Debug */,
				3232984E1A2CD3990021423B /* Release */,
			);
			defaultConfigurationIsVisible = 0;
			defaultConfigurationName = Release;
		};
		3232984F1A2CD3990021423B /* Build configuration list for PBXNativeTarget "XMLTestTests" */ = {
			isa = XCConfigurationList;
			buildConfigurations = (
				323298501A2CD3990021423B /* Debug */,
				323298511A2CD3990021423B /* Release */,
			);
			defaultConfigurationIsVisible = 0;
			defaultConfigurationName = Release;
		};
/* End XCConfigurationList section */
	};
	rootObject = 323298211A2CD3990021423B /* Project object */;
}
